<?xml version="1.0" encoding="utf-8"?>
<Project ToolsVersion="4.0" xmlns="http://schemas.microsoft.com/developer/msbuild/2003">
  <ItemGroup>
    <Filter Include="Source Files">
      <UniqueIdentifier>{4FC737F1-C7A5-4376-A066-2A32D752A2FF}</UniqueIdentifier>
      <Extensions>cpp;c;cc;cxx;c++;cppm;ixx;def;odl;idl;hpj;bat;asm;asmx</Extensions>
    </Filter>
    <Filter Include="Header Files">
      <UniqueIdentifier>{93995380-89BD-4b04-88EB-625FBE52EBFB}</UniqueIdentifier>
      <Extensions>h;hh;hpp;hxx;h++;hm;inl;inc;ipp;xsd</Extensions>
    </Filter>
    <Filter Include="Resource Files">
      <UniqueIdentifier>{67DA6AB6-F800-4c08-8B7A-83BB121AAD01}</UniqueIdentifier>
      <Extensions>rc;ico;cur;bmp;dlg;rc2;rct;bin;rgs;gif;jpg;jpeg;jpe;resx;tiff;tif;png;wav;mfcribbon-ms</Extensions>
    </Filter>
  </ItemGroup>
  <ItemGroup>
    <ClCompile Include="src\main.cpp">
      <Filter>Source Files</Filter>
    </ClCompile>
    <ClCompile Include="src\detections\veh\veh.cpp">
      <Filter>Source Files</Filter>
    </ClCompile>
    <ClCompile Include="src\detections\integrity\integrity.cpp">
      <Filter>Source Files</Filter>
    </ClCompile>
    <ClCompile Include="src\detections\injection\injection.cpp">
      <Filter>Source Files</Filter>
    </ClCompile>
    <ClCompile Include="src\utils\dependencies\minhook\hde\hde32.cpp">
      <Filter>Source Files</Filter>
    </ClCompile>
    <ClCompile Include="src\utils\dependencies\minhook\hde\hde64.cpp">
      <Filter>Source Files</Filter>
    </ClCompile>
    <ClCompile Include="src\utils\dependencies\minhook\buffer.cpp">
      <Filter>Source Files</Filter>
    </ClCompile>
    <ClCompile Include="src\utils\dependencies\minhook\hook.cpp">
      <Filter>Source Files</Filter>
    </ClCompile>
    <ClCompile Include="src\utils\dependencies\minhook\trampoline.cpp">
      <Filter>Source Files</Filter>
    </ClCompile>
    <ClCompile Include="src\utils\disassembler\disassembler.cpp">
      <Filter>Source Files</Filter>
    </ClCompile>
  </ItemGroup>
  <ItemGroup>
    <ClInclude Include="src\detections\veh\veh.hpp">
      <Filter>Header Files</Filter>
    </ClInclude>
    <ClInclude Include="src\utils\utils.hpp">
      <Filter>Header Files</Filter>
    </ClInclude>
    <ClInclude Include="src\invoker\invoker.hpp">
      <Filter>Header Files</Filter>
    </ClInclude>
    <ClInclude Include="src\detections\integrity\integrity.hpp">
      <Filter>Header Files</Filter>
    </ClInclude>
    <ClInclude Include="src\utils\dependencies\crc.hpp">
      <Filter>Header Files</Filter>
    </ClInclude>
    <ClInclude Include="src\detections\injection\injection.hpp">
      <Filter>Header Files</Filter>
    </ClInclude>
    <ClInclude Include="src\utils\dependencies\minhook\hde\hde32.hpp">
      <Filter>Header Files</Filter>
    </ClInclude>
    <ClInclude Include="src\utils\dependencies\minhook\hde\hde64.hpp">
      <Filter>Header Files</Filter>
    </ClInclude>
    <ClInclude Include="src\utils\dependencies\minhook\hde\pstdint.hpp">
      <Filter>Header Files</Filter>
    </ClInclude>
    <ClInclude Include="src\utils\dependencies\minhook\hde\table32.hpp">
      <Filter>Header Files</Filter>
    </ClInclude>
    <ClInclude Include="src\utils\dependencies\minhook\hde\table64.hpp">
      <Filter>Header Files</Filter>
    </ClInclude>
    <ClInclude Include="src\utils\dependencies\minhook\buffer.hpp">
      <Filter>Header Files</Filter>
    </ClInclude>
    <ClInclude Include="src\utils\dependencies\minhook\minhook.hpp">
      <Filter>Header Files</Filter>
    </ClInclude>
    <ClInclude Include="src\utils\dependencies\minhook\trampoline.hpp">
      <Filter>Header Files</Filter>
    </ClInclude>
    <ClInclude Include="src\utils\disassembler\Zycore\API\Memory.h">
      <Filter>Header Files</Filter>
    </ClInclude>
    <ClInclude Include="src\utils\disassembler\Zycore\API\Process.h">
      <Filter>Header Files</Filter>
    </ClInclude>
    <ClInclude Include="src\utils\disassembler\Zycore\API\Synchronization.h">
      <Filter>Header Files</Filter>
    </ClInclude>
    <ClInclude Include="src\utils\disassembler\Zycore\API\Terminal.h">
      <Filter>Header Files</Filter>
    </ClInclude>
    <ClInclude Include="src\utils\disassembler\Zycore\API\Thread.h">
      <Filter>Header Files</Filter>
    </ClInclude>
    <ClInclude Include="src\utils\disassembler\Zycore\Allocator.h">
      <Filter>Header Files</Filter>
    </ClInclude>
    <ClInclude Include="src\utils\disassembler\Zycore\ArgParse.h">
      <Filter>Header Files</Filter>
    </ClInclude>
    <ClInclude Include="src\utils\disassembler\Zycore\Bitset.h">
      <Filter>Header Files</Filter>
    </ClInclude>
    <ClInclude Include="src\utils\disassembler\Zycore\Comparison.h">
      <Filter>Header Files</Filter>
    </ClInclude>
    <ClInclude Include="src\utils\disassembler\Zycore\Defines.h">
      <Filter>Header Files</Filter>
    </ClInclude>
    <ClInclude Include="src\utils\disassembler\Zycore\Format.h">
      <Filter>Header Files</Filter>
    </ClInclude>
    <ClInclude Include="src\utils\disassembler\Zycore\LibC.h">
      <Filter>Header Files</Filter>
    </ClInclude>
    <ClInclude Include="src\utils\disassembler\Zycore\List.h">
      <Filter>Header Files</Filter>
    </ClInclude>
    <ClInclude Include="src\utils\disassembler\Zycore\Object.h">
      <Filter>Header Files</Filter>
    </ClInclude>
    <ClInclude Include="src\utils\disassembler\Zycore\Status.h">
      <Filter>Header Files</Filter>
    </ClInclude>
    <ClInclude Include="src\utils\disassembler\Zycore\String.h">
      <Filter>Header Files</Filter>
    </ClInclude>
    <ClInclude Include="src\utils\disassembler\Zycore\Types.h">
      <Filter>Header Files</Filter>
    </ClInclude>
    <ClInclude Include="src\utils\disassembler\Zycore\Vector.h">
      <Filter>Header Files</Filter>
    </ClInclude>
    <ClInclude Include="src\utils\disassembler\Zycore\Zycore.h">
      <Filter>Header Files</Filter>
    </ClInclude>
    <ClInclude Include="src\utils\disassembler\Zydis\Generated\EnumInstructionCategory.h">
      <Filter>Header Files</Filter>
    </ClInclude>
    <ClInclude Include="src\utils\disassembler\Zydis\Generated\EnumISAExt.h">
      <Filter>Header Files</Filter>
    </ClInclude>
    <ClInclude Include="src\utils\disassembler\Zydis\Generated\EnumISASet.h">
      <Filter>Header Files</Filter>
    </ClInclude>
    <ClInclude Include="src\utils\disassembler\Zydis\Generated\EnumMnemonic.h">
      <Filter>Header Files</Filter>
    </ClInclude>
    <ClInclude Include="src\utils\disassembler\Zydis\Generated\EnumRegister.h">
      <Filter>Header Files</Filter>
    </ClInclude>
    <ClInclude Include="src\utils\disassembler\Zydis\Internal\DecoderData.h">
      <Filter>Header Files</Filter>
    </ClInclude>
    <ClInclude Include="src\utils\disassembler\Zydis\Internal\EncoderData.h">
      <Filter>Header Files</Filter>
    </ClInclude>
    <ClInclude Include="src\utils\disassembler\Zydis\Internal\FormatterATT.h">
      <Filter>Header Files</Filter>
    </ClInclude>
    <ClInclude Include="src\utils\disassembler\Zydis\Internal\FormatterBase.h">
      <Filter>Header Files</Filter>
    </ClInclude>
    <ClInclude Include="src\utils\disassembler\Zydis\Internal\FormatterIntel.h">
      <Filter>Header Files</Filter>
    </ClInclude>
    <ClInclude Include="src\utils\disassembler\Zydis\Internal\SharedData.h">
      <Filter>Header Files</Filter>
    </ClInclude>
    <ClInclude Include="src\utils\disassembler\Zydis\Internal\String.h">
      <Filter>Header Files</Filter>
    </ClInclude>
    <ClInclude Include="src\utils\disassembler\Zydis\Decoder.h">
      <Filter>Header Files</Filter>
    </ClInclude>
    <ClInclude Include="src\utils\disassembler\Zydis\DecoderTypes.h">
      <Filter>Header Files</Filter>
    </ClInclude>
    <ClInclude Include="src\utils\disassembler\Zydis\Defines.h">
      <Filter>Header Files</Filter>
    </ClInclude>
    <ClInclude Include="src\utils\disassembler\Zydis\Encoder.h">
      <Filter>Header Files</Filter>
    </ClInclude>
    <ClInclude Include="src\utils\disassembler\Zydis\Formatter.h">
      <Filter>Header Files</Filter>
    </ClInclude>
    <ClInclude Include="src\utils\disassembler\Zydis\FormatterBuffer.h">
      <Filter>Header Files</Filter>
    </ClInclude>
    <ClInclude Include="src\utils\disassembler\Zydis\MetaInfo.h">
      <Filter>Header Files</Filter>
    </ClInclude>
    <ClInclude Include="src\utils\disassembler\Zydis\Mnemonic.h">
      <Filter>Header Files</Filter>
    </ClInclude>
    <ClInclude Include="src\utils\disassembler\Zydis\Register.h">
      <Filter>Header Files</Filter>
    </ClInclude>
    <ClInclude Include="src\utils\disassembler\Zydis\SharedTypes.h">
      <Filter>Header Files</Filter>
    </ClInclude>
    <ClInclude Include="src\utils\disassembler\Zydis\ShortString.h">
      <Filter>Header Files</Filter>
    </ClInclude>
    <ClInclude Include="src\utils\disassembler\Zydis\Status.h">
      <Filter>Header Files</Filter>
    </ClInclude>
    <ClInclude Include="src\utils\disassembler\Zydis\Utils.h">
      <Filter>Header Files</Filter>
    </ClInclude>
    <ClInclude Include="src\utils\disassembler\Zydis\Zydis.h">
      <Filter>Header Files</Filter>
    </ClInclude>
    <ClInclude Include="src\utils\disassembler\ZycoreExportConfig.h">
      <Filter>Header Files</Filter>
    </ClInclude>
    <ClInclude Include="src\utils\disassembler\ZydisExportConfig.h">
      <Filter>Header Files</Filter>
    </ClInclude>
    <ClInclude Include="src\utils\disassembler\disassembler.hpp">
      <Filter>Header Files</Filter>
    </ClInclude>
  </ItemGroup>
  <ItemGroup>
    <MASM Include="src\invoker\invoke.asm">
      <Filter>Source Files</Filter>
    </MASM>
    <MASM Include="src\invoker\dtc.asm">
      <Filter>Source Files</Filter>
    </MASM>
    <MASM Include="src\utils\nt_functions.asm">
      <Filter>Source Files</Filter>
    </MASM>
  </ItemGroup>
  <ItemGroup>
    <Library Include="src\utils\disassembler\Zydis.lib" />
    <Library Include="src\utils\disassembler\Zycore.lib" />
  </ItemGroup>
</Project>